{
  "nodes": {
    "argononed": {
      "flake": false,
      "locked": {
        "lastModified": 1729566243,
        "narHash": "sha256-DPNI0Dpk5aym3Baf5UbEe5GENDrSmmXVdriRSWE+rgk=",
        "owner": "nvmd",
        "repo": "argononed",
        "rev": "16dbee54d49b66d5654d228d1061246b440ef7cf",
        "type": "github"
      },
      "original": {
        "owner": "nvmd",
        "repo": "argononed",
        "type": "github"
      }
    },
    "autopilot": {
      "inputs": {
        "nixpkgs": [
          "nixpkgs"
        ],
        "parts": [
          "parts"
        ],
        "systems": [
          "systems"
        ]
      },
      "locked": {
        "lastModified": 1775590950,
        "narHash": "sha256-wRdSH5Mtd+Vni4Kh5QygjhvmGEvfbPwU4EKIEE1ctEU=",
        "owner": "stepbrobd",
        "repo": "autopilot",
        "rev": "742778bc69644b1b8c97d7b760caed27666232a7",
        "type": "github"
      },
      "original": {
        "owner": "stepbrobd",
        "repo": "autopilot",
        "type": "github"
      }
    },
    "blueprint": {
      "inputs": {
        "nixpkgs": [
          "nixpkgs"
        ],
        "systems": [
          "systems"
        ]
      },
      "locked": {
        "lastModified": 1771437256,
        "narHash": "sha256-bLqwib+rtyBRRVBWhMuBXPCL/OThfokA+j6+uH7jDGU=",
        "owner": "numtide",
        "repo": "blueprint",
        "rev": "06ee7190dc2620ea98af9eb225aa9627b68b0e33",
        "type": "github"
      },
      "original": {
        "owner": "numtide",
        "repo": "blueprint",
        "type": "github"
      }
    },
    "bun2nix": {
      "inputs": {
        "flake-parts": [
          "parts"
        ],
        "import-tree": "import-tree",
        "nixpkgs": [
          "nixpkgs"
        ],
        "systems": [
          "systems"
        ],
        "treefmt-nix": [
          "treefmt"
        ]
      },
      "locked": {
        "lastModified": 1770895533,
        "narHash": "sha256-v3QaK9ugy9bN9RXDnjw0i2OifKmz2NnKM82agtqm/UY=",
        "owner": "nix-community",
        "repo": "bun2nix",
        "rev": "c843f477b15f51151f8c6bcc886954699440a6e1",
        "type": "github"
      },
      "original": {
        "owner": "nix-community",
        "repo": "bun2nix",
        "type": "github"
      }
    },
    "colmena": {
      "inputs": {
        "flake-compat": [
          "compat"
        ],
        "flake-utils": [
          "utils"
        ],
        "nix-github-actions": [],
        "nixpkgs": [
          "nixpkgs"
        ],
        "stable": [
          "nixpkgs"
        ]
      },
      "locked": {
        "lastModified": 1774726877,
        "narHash": "sha256-mahJvYpwikFMqORS4mdjwHQt59Wrr9MglOIKrkjCbe4=",
        "owner": "stepbrobd",
        "repo": "colmena",
        "rev": "82d9187ce96ea014b209945ef08a19ef6591a9fe",
        "type": "github"
      },
      "original": {
        "owner": "stepbrobd",
        "ref": "detached",
        "repo": "colmena",
        "type": "github"
      }
    },
    "compat": {
      "flake": false,
      "locked": {
        "lastModified": 1767039857,
        "narHash": "sha256-vNpUSpF5Nuw8xvDLj2KCwwksIbjua2LZCqhV1LNRDns=",
        "owner": "edolstra",
        "repo": "flake-compat",
        "rev": "5edf11c44bc78a0d334f6334cdaf7d60d732daab",
        "type": "github"
      },
      "original": {
        "owner": "edolstra",
        "repo": "flake-compat",
        "type": "github"
      }
    },
    "cornflake": {
      "locked": {
        "lastModified": 1769981653,
        "narHash": "sha256-Db95/iyyQR1zaUxWt6G03p13ZbPiqbA8P+otM6OM1KU=",
        "owner": "jzbor",
        "repo": "cornflakes",
        "rev": "7ae7102b6b863281c7a72772a45d87409daa83d9",
        "type": "github"
      },
      "original": {
        "owner": "jzbor",
        "repo": "cornflakes",
        "type": "github"
      }
    },
    "crane": {
      "locked": {
        "lastModified": 1775236976,
        "narHash": "sha256-gCgX+AXN7K1gAIEqcLcZHxmC+QoZcwn9m6Z9r2Az+N8=",
        "owner": "ipetkov",
        "repo": "crane",
        "rev": "6c23998526351a53ce734f0ac84940da988ccef1",
        "type": "github"
      },
      "original": {
        "owner": "ipetkov",
        "repo": "crane",
        "type": "github"
      }
    },
    "darwin": {
      "inputs": {
        "nixpkgs": [
          "nixpkgs"
        ]
      },
      "locked": {
        "lastModified": 1775037210,
        "narHash": "sha256-KM2WYj6EA7M/FVZVCl3rqWY+TFV5QzSyyGE2gQxeODU=",
        "owner": "lnl7",
        "repo": "nix-darwin",
        "rev": "06648f4902343228ce2de79f291dd5a58ee12146",
        "type": "github"
      },
      "original": {
        "owner": "lnl7",
        "repo": "nix-darwin",
        "type": "github"
      }
    },
    "disko": {
      "inputs": {
        "nixpkgs": [
          "nixpkgs"
        ]
      },
      "locked": {
        "lastModified": 1773889306,
        "narHash": "sha256-PAqwnsBSI9SVC2QugvQ3xeYCB0otOwCacB1ueQj2tgw=",
        "owner": "nix-community",
        "repo": "disko",
        "rev": "5ad85c82cc52264f4beddc934ba57f3789f28347",
        "type": "github"
      },
      "original": {
        "owner": "nix-community",
        "repo": "disko",
        "type": "github"
      }
    },
    "flatpak": {
      "locked": {
        "lastModified": 1768656715,
        "narHash": "sha256-Sbh037scxKFm7xL0ahgSCw+X2/5ZKeOwI2clqrYr9j4=",
        "owner": "gmodena",
        "repo": "nix-flatpak",
        "rev": "123fe29340a5b8671367055b75a6e7c320d6f89a",
        "type": "github"
      },
      "original": {
        "owner": "gmodena",
        "repo": "nix-flatpak",
        "type": "github"
      }
    },
    "garnix": {
      "inputs": {
        "nixpkgs": [
          "nixpkgs"
        ]
      },
      "locked": {
        "lastModified": 1774297302,
        "narHash": "sha256-aG5QcK/gdVQPsgWW7PNdBYxDvfPBf1NHqA+UU3sLgLY=",
        "owner": "garnix-io",
        "repo": "garnix-lib",
        "rev": "ca6e31599a9c709c998ab8afec6e72604c9601bf",
        "type": "github"
      },
      "original": {
        "owner": "garnix-io",
        "ref": "systemd-networkd-experiment",
        "repo": "garnix-lib",
        "type": "github"
      }
    },
    "generators": {
      "inputs": {
        "nixlib": [
          "nixpkgs"
        ],
        "nixpkgs": [
          "nixpkgs"
        ]
      },
      "locked": {
        "lastModified": 1769813415,
        "narHash": "sha256-nnVmNNKBi1YiBNPhKclNYDORoHkuKipoz7EtVnXO50A=",
        "owner": "nix-community",
        "repo": "nixos-generators",
        "rev": "8946737ff703382fda7623b9fab071d037e897d5",
        "type": "github"
      },
      "original": {
        "owner": "nix-community",
        "repo": "nixos-generators",
        "type": "github"
      }
    },
    "gitignore": {
      "inputs": {
        "nixpkgs": [
          "nixpkgs"
        ]
      },
      "locked": {
        "lastModified": 1762808025,
        "narHash": "sha256-XmjITeZNMTQXGhhww6ed/Wacy2KzD6svioyCX7pkUu4=",
        "owner": "hercules-ci",
        "repo": "gitignore.nix",
        "rev": "cb5e3fdca1de58ccbc3ef53de65bd372b48f567c",
        "type": "github"
      },
      "original": {
        "owner": "hercules-ci",
        "repo": "gitignore.nix",
        "type": "github"
      }
    },
    "golink": {
      "inputs": {
        "nixpkgs": [
          "nixpkgs"
        ],
        "systems": [
          "systems"
        ]
      },
      "locked": {
        "lastModified": 1775592125,
        "narHash": "sha256-6kVGyNf5X7H7h/Vf8ge18YQPxRzljTlwPRpLdIPjndY=",
        "owner": "tailscale",
        "repo": "golink",
        "rev": "0c619de1671d3d8c8157ec2584115cdac41cc501",
        "type": "github"
      },
      "original": {
        "owner": "tailscale",
        "repo": "golink",
        "type": "github"
      }
    },
    "gomod2nix": {
      "inputs": {
        "flake-utils": [
          "utils"
        ],
        "nixpkgs": [
          "nixpkgs"
        ]
      },
      "locked": {
        "lastModified": 1770585520,
        "narHash": "sha256-yBz9Ozd5Wb56i3e3cHZ8WcbzCQ9RlVaiW18qDYA/AzA=",
        "owner": "nix-community",
        "repo": "gomod2nix",
        "rev": "1201ddd1279c35497754f016ef33d5e060f3da8d",
        "type": "github"
      },
      "original": {
        "owner": "nix-community",
        "repo": "gomod2nix",
        "type": "github"
      }
    },
    "hardware": {
      "locked": {
        "lastModified": 1775490113,
        "narHash": "sha256-2ZBhDNZZwYkRmefK5XLOusCJHnoeKkoN95hoSGgMxWM=",
        "owner": "nixos",
        "repo": "nixos-hardware",
        "rev": "c775c2772ba56e906cbeb4e0b2db19079ef11ff7",
        "type": "github"
      },
      "original": {
        "owner": "nixos",
        "repo": "nixos-hardware",
        "type": "github"
      }
    },
    "hm": {
      "inputs": {
        "nixpkgs": [
          "nixpkgs"
        ]
      },
      "locked": {
        "lastModified": 1775762219,
        "narHash": "sha256-e7BhggoWhg3Ok7dDI5kY1XZzORBQc0Rclcs3IWzux3w=",
        "owner": "nix-community",
        "repo": "home-manager",
        "rev": "c975a66a56306b38eaa3108f54bbc11e213f42f6",
        "type": "github"
      },
      "original": {
        "owner": "nix-community",
        "repo": "home-manager",
        "type": "github"
      }
    },
    "import-tree": {
      "locked": {
        "lastModified": 1763762820,
        "narHash": "sha256-ZvYKbFib3AEwiNMLsejb/CWs/OL/srFQ8AogkebEPF0=",
        "owner": "vic",
        "repo": "import-tree",
        "rev": "3c23749d8013ec6daa1d7255057590e9ca726646",
        "type": "github"
      },
      "original": {
        "owner": "vic",
        "repo": "import-tree",
        "type": "github"
      }
    },
    "index": {
      "inputs": {
        "nixpkgs": [
          "nixpkgs"
        ]
      },
      "locked": {
        "lastModified": 1775365369,
        "narHash": "sha256-DgH5mveLoau20CuTnaU5RXZWgFQWn56onQ4Du2CqYoI=",
        "owner": "nix-community",
        "repo": "nix-index-database",
        "rev": "cef5cf82671e749ac87d69aadecbb75967e6f6c3",
        "type": "github"
      },
      "original": {
        "owner": "nix-community",
        "repo": "nix-index-database",
        "type": "github"
      }
    },
    "lanzaboote": {
      "inputs": {
        "crane": [
          "crane"
        ],
        "nixpkgs": [
          "nixpkgs"
        ],
        "pre-commit": [],
        "rust-overlay": [
          "rust-overlay"
        ]
      },
      "locked": {
        "lastModified": 1775754862,
        "narHash": "sha256-8y9cz8+cyeA7KtA7+Q3bXjyFJV5nM38Fc0E4qPw7WDk=",
        "owner": "nix-community",
        "repo": "lanzaboote",
        "rev": "bea51aaee00688794a877f308007590a6cc8e378",
        "type": "github"
      },
      "original": {
        "owner": "nix-community",
        "repo": "lanzaboote",
        "type": "github"
      }
    },
    "llm": {
      "inputs": {
        "blueprint": [
          "blueprint"
        ],
        "bun2nix": [
          "bun2nix"
        ],
        "flake-parts": [
          "parts"
        ],
        "nixpkgs": [
          "nixpkgs"
        ],
        "systems": [
          "systems"
        ],
        "treefmt-nix": [
          "treefmt"
        ]
      },
      "locked": {
        "lastModified": 1775746837,
        "narHash": "sha256-WrZCxhx82aBBQb6CMJwXimgOIcv9Eytl1zFsjfxiWSc=",
        "owner": "numtide",
        "repo": "llm-agents.nix",
        "rev": "b91b0e1583091847cf4f8a8fcaad92d66227abfb",
        "type": "github"
      },
      "original": {
        "owner": "numtide",
        "repo": "llm-agents.nix",
        "type": "github"
      }
    },
    "mac-style-plymouth": {
      "inputs": {
        "flake-utils": [
          "utils"
        ],
        "nixpkgs": [
          "nixpkgs"
        ]
      },
      "locked": {
        "lastModified": 1756677116,
        "narHash": "sha256-bjtQvzupAFX5AYAIyBXSFgWhaG4nP4TvgKDoKyUhZ4U=",
        "owner": "sergioribera",
        "repo": "s4rchiso-plymouth-theme",
        "rev": "2f782f4b68ce1c00cef3fde6970d7b4241bb97d4",
        "type": "github"
      },
      "original": {
        "owner": "sergioribera",
        "repo": "s4rchiso-plymouth-theme",
        "type": "github"
      }
    },
    "miroir": {
      "inputs": {
        "gomod2nix": [
          "gomod2nix"
        ],
        "nixpkgs": [
          "nixpkgs"
        ],
        "parts": [
          "parts"
        ],
        "systems": [
          "systems"
        ],
        "utils": [
          "utils"
        ]
      },
      "locked": {
        "lastModified": 1775590418,
        "narHash": "sha256-IQzutifbnxqGgAX1JAot6S1YW6QPeFmnsHd4ck+9sfA=",
        "owner": "stepbrobd",
        "repo": "miroir",
        "rev": "dfed679f6b8e7879423f48d313cd0bb509ab6fe3",
        "type": "github"
      },
      "original": {
        "owner": "stepbrobd",
        "repo": "miroir",
        "type": "github"
      }
    },
    "nixos-images": {
      "inputs": {
        "nixos-stable": [
          "rpi",
          "nixpkgs"
        ],
        "nixos-unstable": [
          "rpi",
          "nixpkgs"
        ]
      },
      "locked": {
        "lastModified": 1747747741,
        "narHash": "sha256-LUOH27unNWbGTvZFitHonraNx0JF/55h30r9WxqrznM=",
        "owner": "nvmd",
        "repo": "nixos-images",
        "rev": "cbbd6db325775096680b65e2a32fb6187c09bbb4",
        "type": "github"
      },
      "original": {
        "owner": "nvmd",
        "ref": "sdimage-installer",
        "repo": "nixos-images",
        "type": "github"
      }
    },
    "nixpkgs": {
      "locked": {
        "lastModified": 1775423009,
        "narHash": "sha256-vPKLpjhIVWdDrfiUM8atW6YkIggCEKdSAlJPzzhkQlw=",
        "owner": "nixos",
        "repo": "nixpkgs",
        "rev": "68d8aa3d661f0e6bd5862291b5bb263b2a6595c9",
        "type": "github"
      },
      "original": {
        "owner": "nixos",
        "ref": "nixos-unstable",
        "repo": "nixpkgs",
        "type": "github"
      }
    },
    "nixvim": {
      "inputs": {
        "flake-parts": [
          "parts"
        ],
        "nixpkgs": [
          "nixpkgs"
        ],
        "systems": [
          "systems"
        ]
      },
      "locked": {
        "lastModified": 1775764046,
        "narHash": "sha256-Rbaeu4Y4r5dA8KEsLVGVYOvk6WUEYaTJy7TCRQqSifw=",
        "owner": "nix-community",
        "repo": "nixvim",
        "rev": "f6636ce710266750ea5696adf735e04b5799ae55",
        "type": "github"
      },
      "original": {
        "owner": "nix-community",
        "repo": "nixvim",
        "type": "github"
      }
    },
    "noctalia": {
      "inputs": {
        "nixpkgs": [
          "nixpkgs"
        ],
        "noctalia-qs": [
          "noctalia-qs"
        ]
      },
      "locked": {
        "lastModified": 1775689927,
        "narHash": "sha256-UVL4JnAHXs90AiKfhjXBQ83KhiXHAyZ4TdaPkA/ts/g=",
        "owner": "noctalia-dev",
        "repo": "noctalia-shell",
        "rev": "0fcaa49875bf0c994bb5c604320454ef72e6ba8b",
        "type": "github"
      },
      "original": {
        "owner": "noctalia-dev",
        "repo": "noctalia-shell",
        "type": "github"
      }
    },
    "noctalia-qs": {
      "inputs": {
        "nixpkgs": [
          "nixpkgs"
        ],
        "systems": [
          "systems"
        ],
        "treefmt-nix": [
          "treefmt"
        ]
      },
      "locked": {
        "lastModified": 1775491791,
        "narHash": "sha256-elzmRpudiwtYQNCKk9TAEhlYQV0+yUM81poo01Z7FfQ=",
        "owner": "noctalia-dev",
        "repo": "noctalia-qs",
        "rev": "9e2736531ef7a1a336abf7ec72255d0b192273b6",
        "type": "github"
      },
      "original": {
        "owner": "noctalia-dev",
        "repo": "noctalia-qs",
        "type": "github"
      }
    },
    "parts": {
      "inputs": {
        "nixpkgs-lib": [
          "nixpkgs"
        ]
      },
      "locked": {
        "lastModified": 1775087534,
        "narHash": "sha256-91qqW8lhL7TLwgQWijoGBbiD4t7/q75KTi8NxjVmSmA=",
        "owner": "hercules-ci",
        "repo": "flake-parts",
        "rev": "3107b77cd68437b9a76194f0f7f9c55f2329ca5b",
        "type": "github"
      },
      "original": {
        "owner": "hercules-ci",
        "repo": "flake-parts",
        "type": "github"
      }
    },
    "ranet": {
      "inputs": {
        "flake-utils": [
          "utils"
        ],
        "nixpkgs": [
          "nixpkgs"
        ]
      },
      "locked": {
        "lastModified": 1771293368,
        "narHash": "sha256-Uimdyw1xj9Y4xK7Y40bUv/JnngvmdRI3t46Zm/hKh1Y=",
        "owner": "nickcao",
        "repo": "ranet",
        "rev": "542e7d55f17a16e92d392d940fdc7b76289ce3ee",
        "type": "github"
      },
      "original": {
        "owner": "nickcao",
        "repo": "ranet",
        "type": "github"
      }
    },
    "rfm": {
      "inputs": {
        "gomod2nix": [
          "gomod2nix"
        ],
        "nixpkgs": [
          "nixpkgs"
        ],
        "parts": [
          "parts"
        ],
        "systems": [
          "systems"
        ],
        "utils": [
          "utils"
        ]
      },
      "locked": {
        "lastModified": 1775590617,
        "narHash": "sha256-jhAB/jPRXEG7W6J2NGT7c3oSiU7GIl7aufJNb9aUea8=",
        "owner": "stepbrobd",
        "repo": "rfm",
        "rev": "0bdc28bcbfc0007c58e050c82647a78012058d3f",
        "type": "github"
      },
      "original": {
        "owner": "stepbrobd",
        "repo": "rfm",
        "type": "github"
      }
    },
    "root": {
      "inputs": {
        "autopilot": "autopilot",
        "blueprint": "blueprint",
        "bun2nix": "bun2nix",
        "colmena": "colmena",
        "compat": "compat",
        "cornflake": "cornflake",
        "crane": "crane",
        "darwin": "darwin",
        "disko": "disko",
        "flatpak": "flatpak",
        "garnix": "garnix",
        "generators": "generators",
        "gitignore": "gitignore",
        "golink": "golink",
        "gomod2nix": "gomod2nix",
        "hardware": "hardware",
        "hm": "hm",
        "index": "index",
        "lanzaboote": "lanzaboote",
        "llm": "llm",
        "mac-style-plymouth": "mac-style-plymouth",
        "miroir": "miroir",
        "nixpkgs": "nixpkgs",
        "nixvim": "nixvim",
        "noctalia": "noctalia",
        "noctalia-qs": "noctalia-qs",
        "parts": "parts",
        "ranet": "ranet",
        "rfm": "rfm",
        "rpi": "rpi",
        "rust-overlay": "rust-overlay",
        "schemas": "schemas",
        "sops": "sops",
        "srvos": "srvos",
        "std": "std",
        "sweep": "sweep",
        "systems": "systems",
        "terranix": "terranix",
        "treefmt": "treefmt",
        "uad2": "uad2",
        "utils": "utils",
        "ysun": "ysun"
      }
    },
    "rpi": {
      "inputs": {
        "argononed": "argononed",
        "flake-compat": [
          "compat"
        ],
        "nixos-images": "nixos-images",
        "nixpkgs": [
          "nixpkgs"
        ]
      },
      "locked": {
        "lastModified": 1775268151,
        "narHash": "sha256-xg15ImUOatGJ/hZ+Mm9N+dBbzh1inKQ83n69GcJXlTg=",
        "owner": "nvmd",
        "repo": "nixos-raspberrypi",
        "rev": "8d5d90f74c50522bf8415c977c7e62447778e64a",
        "type": "github"
      },
      "original": {
        "owner": "nvmd",
        "repo": "nixos-raspberrypi",
        "type": "github"
      }
    },
    "rust-overlay": {
      "inputs": {
        "nixpkgs": [
          "nixpkgs"
        ]
      },
      "locked": {
        "lastModified": 1775704356,
        "narHash": "sha256-A9JX65WofIF8OKrkMsjznSYNj/A4hfJfEGonsEQ9kxA=",
        "owner": "oxalica",
        "repo": "rust-overlay",
        "rev": "55660228072f38c64c4d2fd227944334dc3f4326",
        "type": "github"
      },
      "original": {
        "owner": "oxalica",
        "repo": "rust-overlay",
        "type": "github"
      }
    },
    "schemas": {
      "locked": {
        "lastModified": 1775244557,
        "narHash": "sha256-iYXRXIX9eafJmwJFAhqT3YxvvpNRuPFSLRCSpvGh8Ic=",
        "owner": "determinatesystems",
        "repo": "flake-schemas",
        "rev": "15edbeeaf77e42216dbcba8bfd907fdeabb75a2b",
        "type": "github"
      },
      "original": {
        "owner": "determinatesystems",
        "repo": "flake-schemas",
        "type": "github"
      }
    },
    "sops": {
      "inputs": {
        "nixpkgs": [
          "nixpkgs"
        ]
      },
      "locked": {
        "lastModified": 1775682595,
        "narHash": "sha256-0E9PohY/VuESLq0LR4doaH7hTag513sDDW5n5qmHd1Q=",
        "owner": "mic92",
        "repo": "sops-nix",
        "rev": "d2e8438d5886e92bc5e7c40c035ab6cae0c41f76",
        "type": "github"
      },
      "original": {
        "owner": "mic92",
        "repo": "sops-nix",
        "type": "github"
      }
    },
    "srvos": {
      "inputs": {
        "nixpkgs": [
          "nixpkgs"
        ]
      },
      "locked": {
        "lastModified": 1775701952,
        "narHash": "sha256-xj9u8fz2hTTTELMorqox0hPWrmAvGRnQUEnlj+vCjFo=",
        "owner": "nix-community",
        "repo": "srvos",
        "rev": "f56f1053ae9f878501d3a8ae1961c73d1d7abce3",
        "type": "github"
      },
      "original": {
        "owner": "nix-community",
        "repo": "srvos",
        "type": "github"
      }
    },
    "std": {
      "locked": {
        "lastModified": 1710870712,
        "narHash": "sha256-e+7MJF2gsgTBuOWv4mCimSP0D9+naeFSw9a7N3yEmv4=",
        "owner": "chessai",
        "repo": "nix-std",
        "rev": "31bbc925750cc9d8f828fe55cee1a2bd985e0c00",
        "type": "github"
      },
      "original": {
        "owner": "chessai",
        "repo": "nix-std",
        "type": "github"
      }
    },
    "sweep": {
      "inputs": {
        "cf": [
          "cornflake"
        ],
        "crane": [
          "crane"
        ],
        "nixpkgs": [
          "nixpkgs"
        ]
      },
      "locked": {
        "lastModified": 1772493505,
        "narHash": "sha256-4EWS5n9wWSNEUuqj8Nh3sPCjjRSOEh4bUd7j+wqDpSA=",
        "owner": "jzbor",
        "repo": "nix-sweep",
        "rev": "6fed48ccc7afdca7f8ea1b20260bcf736aad9ee2",
        "type": "github"
      },
      "original": {
        "owner": "jzbor",
        "repo": "nix-sweep",
        "type": "github"
      }
    },
    "systems": {
      "locked": {
        "lastModified": 1681028828,
        "narHash": "sha256-Vy1rq5AaRuLzOxct8nz4T6wlgyUR7zLU309k9mBC768=",
        "owner": "nix-systems",
        "repo": "default",
        "rev": "da67096a3b9bf56a91d16901293e51ba5b49a27e",
        "type": "github"
      },
      "original": {
        "owner": "nix-systems",
        "repo": "default",
        "type": "github"
      }
    },
    "terranix": {
      "inputs": {
        "flake-parts": [
          "parts"
        ],
        "nixpkgs": [
          "nixpkgs"
        ],
        "systems": [
          "systems"
        ]
      },
      "locked": {
        "lastModified": 1773700838,
        "narHash": "sha256-6KFxpxyXjcqhOexc7ZeaXVWdDtGb6zO8HtjBEci9DfU=",
        "owner": "terranix",
        "repo": "terranix",
        "rev": "306ce146bf0324dc3b3c45c095036b6f0e26bf35",
        "type": "github"
      },
      "original": {
        "owner": "terranix",
        "repo": "terranix",
        "type": "github"
      }
    },
    "treefmt": {
      "inputs": {
        "nixpkgs": [
          "nixpkgs"
        ]
      },
      "locked": {
        "lastModified": 1775636079,
        "narHash": "sha256-pc20NRoMdiar8oPQceQT47UUZMBTiMdUuWrYu2obUP0=",
        "owner": "numtide",
        "repo": "treefmt-nix",
        "rev": "790751ff7fd3801feeaf96d7dc416a8d581265ba",
        "type": "github"
      },
      "original": {
        "owner": "numtide",
        "repo": "treefmt-nix",
        "type": "github"
      }
    },
    "uad2": {
      "inputs": {
        "nixpkgs": [
          "nixpkgs"
        ],
        "parts": [
          "parts"
        ],
        "systems": [
          "systems"
        ]
      },
      "locked": {
        "lastModified": 1774644659,
        "narHash": "sha256-U7j9pAhEy8uzhn8rwk+oQ29ptw5f0ajsbaij5qxHwzE=",
        "owner": "stepbrobd",
        "repo": "uad2",
        "rev": "61c3fc9c144b45d70c94c347a55e872f6ae8c2d4",
        "type": "github"
      },
      "original": {
        "owner": "stepbrobd",
        "repo": "uad2",
        "type": "github"
      }
    },
    "utils": {
      "inputs": {
        "systems": [
          "systems"
        ]
      },
      "locked": {
        "lastModified": 1731533236,
        "narHash": "sha256-l0KFg5HjrsfsO/JpG+r7fRrqm12kzFHyUHqHCVpMMbI=",
        "owner": "numtide",
        "repo": "flake-utils",
        "rev": "11707dc2f618dd54ca8739b309ec4fc024de578b",
        "type": "github"
      },
      "original": {
        "owner": "numtide",
        "repo": "flake-utils",
        "type": "github"
      }
    },
    "ysun": {
      "inputs": {
        "nixpkgs": [
          "nixpkgs"
        ],
        "parts": [
          "parts"
        ],
        "systems": [
          "systems"
        ]
      },
      "locked": {
        "lastModified": 1775760470,
        "narHash": "sha256-oQydWmowi9q/OAPnZrgP3bV3H6pT2UHkiEcV0DbiDOY=",
        "owner": "stepbrobd",
        "repo": "ysun",
        "rev": "bcb121fbc712b4ad0ec0481ee1056324777970fd",
        "type": "github"
      },
      "original": {
        "owner": "stepbrobd",
        "repo": "ysun",
        "type": "github"
      }
    }
  },
  "root": "root",
  "version": 7
}
